github.com/go-resty/resty/v2 v2.16.5 h1:UO4QZYyuXWyNpUn3i/HfRuGsCVt8qbAIHST0YByDTeA=
github.com/go-resty/resty/v2 v2.16.5/go.mod h1:v+qrzXAGCZPnYp9Zv3n3IRTOqqi9MCiP99JkbUlXbvE=
github.com/mohae/deepcopy v0.0.0-20170929034955-c48cc78d4826 h1:RWengNIwukTxcDr9M+97sNutRR1RKhG96O6jWumTTnw=
github.com/mohae/deepcopy v0.0.0-20170929034955-c48cc78d4826/go.mod h1:TaXosZuwdSHYgviHp1DAtfrULt5eUgsSMsZf+YrPgl8=
github.com/richardlehane/mscfb v1.0.4 h1:WULscsljNPConisD5hR0+OyZjwK46Pfyr6mPu5JGNuQ=
github.com/richardlehane/mscfb v1.0.4/go.mod h1:YzVpcZg9czvAuhk9T+a3avCpcFPMUWm7gK3DypaEsUk=
github.com/richardlehane/msoleps v1.0.4 h1:VuXfqoGIrRKWMp20HgAQTKGGxTY9a2nCIX1zBbJVPEA=
github.com/richardlehane/msoleps v1.0.4/go.mod h1:BWev5JBpU9Ko2WAgmZEuiz4/u3ZYTKbjLycmwiWUfWg=
github.com/xuri/efp v0.0.0-20240408161823-9ad904a10d6d h1:zNxvTNEf3rYpkH2RJWY/zk4j6wAeJGRZT7JOI3KSdH8=
github.com/xuri/efp v0.0.0-20240408161823-9ad904a10d6d/go.mod h1:qNd4RcaWXk43dVZdSUsXp07jJ0m9OiTAM+IUQUFxnp0=
github.com/xuri/excelize/v2 v2.9.0 h1:12tNpnELZ5SQR/2iM3uJZ0qqXZkQQFVIQMm5ELehTnA=
github.com/xuri/excelize/v2 v2.9.0/go.mod h1:X+hrZBPnfgRP3iMo1FY0oa0LBpOLup93RuFjn3EXjwQ=
github.com/xuri/nfp v0.0.0-20240318013403-ab9948c2c4a7 h1:45rdz52KAYyLCFZxnD0TcLaBVJB2HvCZlEpbVFQdKsY=
github.com/xuri/nfp v0.0.0-20240318013403-ab9948c2c4a7/go.mod h1:Hl9+AoGW3NuaYdWYN1xZFwyVToxUYYFQDIxpHWfpQOs=
golang.org/x/crypto v0.31.0 h1:mmbLlJp2KU0MbAcI5YRCXGkCK9EUmnV8U4kIRXR0O+w=
golang.org/x/crypto v0.31.0/go.mod h1:XtOozt4X7YBpYN7D11EZFWHTZ71LHy6p4SXxV1nrnZE=
golang.org/x/net v0.33.0 h1:GCOnv9NR+6eLOTW/nqf/YvJ3PeC5upQLI6IJt/nduqQ=
golang.org/x/net v0.33.0/go.mod h1:/eRYNrjveJX3/YVRIZXId39CUXJJJFbtPoVJY1IJfhg=
golang.org/x/text v0.21.0 h1:zjaElYVOH3UH65ahQgBP+F3OGUXnkx+ZN85izo3bGQ8=
golang.org/x/text v0.21.0/go.mod h1:OeOMhtv/TrKYp1V9KGb1Jm019kBvKnbUtEYCbaGXe7g=